
Microsoft Visual Studio Solution File, Format Version 12.00
# Visual Studio Version 16
VisualStudioVersion = 16.0.29709.97
MinimumVisualStudioVersion = 10.0.40219.1
Project("{9A19103F-16F7-4668-BE54-9A1E7A4F7556}") = "ProductivityReport", "ProductivityReport\ProductivityReport.csproj", "{0E9B35FD-D758-44B3-8479-97084D75FF10}"
EndProject
Project("{9A19103F-16F7-4668-BE54-9A1E7A4F7556}") = "ProductivityReport.Data", "ProductivityReport.Data\ProductivityReport.Data.csproj", "{3E369366-AD7F-4EFD-A875-DC63FFDCE6A0}"
EndProject
Global
	GlobalSection(SolutionConfigurationPlatforms) = preSolution
		Debug|Any CPU = Debug|Any CPU
		Release|Any CPU = Release|Any CPU
	EndGlobalSection
	GlobalSection(ProjectConfigurationPlatforms) = postSolution
		{0E9B35FD-D758-44B3-8479-97084D75FF10}.Debug|Any CPU.ActiveCfg = Debug|Any CPU
		{0E9B35FD-D758-44B3-8479-97084D75FF10}.Debug|Any CPU.Build.0 = Debug|Any CPU
		{0E9B35FD-D758-44B3-8479-97084D75FF10}.Release|Any CPU.ActiveCfg = Release|Any CPU
		{0E9B35FD-D758-44B3-8479-97084D75FF10}.Release|Any CPU.Build.0 = Release|Any CPU
		{3E369366-AD7F-4EFD-A875-DC63FFDCE6A0}.Debug|Any CPU.ActiveCfg = Debug|Any CPU
		{3E369366-AD7F-4EFD-A875-DC63FFDCE6A0}.Debug|Any CPU.Build.0 = Debug|Any CPU
		{3E369366-AD7F-4EFD-A875-DC63FFDCE6A0}.Release|Any CPU.ActiveCfg = Release|Any CPU
		{3E369366-AD7F-4EFD-A875-DC63FFDCE6A0}.Release|Any CPU.Build.0 = Release|Any CPU
	EndGlobalSection
	GlobalSection(SolutionProperties) = preSolution
		HideSolutionNode = FALSE
	EndGlobalSection
	GlobalSection(ExtensibilityGlobals) = postSolution
		SolutionGuid = {A285BBA8-4F81-45B9-ADDD-2D1F5FE1A02E}
	EndGlobalSection
EndGlobal
