
Microsoft Visual Studio Solution File, Format Version 12.00
# Visual Studio Version 16
VisualStudioVersion = 16.0.29709.97
MinimumVisualStudioVersion = 10.0.40219.1
Project("{FAE04EC0-301F-11D3-BF4B-00C04F79EFBC}") = "ProductivityReport", "ProductivityReport.csproj", "{7E9C53FF-1286-4DD9-A598-244FA9BD4F2E}"
EndProject
Project("{FAE04EC0-301F-11D3-BF4B-00C04F79EFBC}") = "ProductivityReport.Data", "..\ProductivityReport.Data\ProductivityReport.Data.csproj", "{22D65830-DE20-4E63-BE8F-AADB266194DA}"
EndProject
Global
	GlobalSection(SolutionConfigurationPlatforms) = preSolution
		Debug|Any CPU = Debug|Any CPU
		Release|Any CPU = Release|Any CPU
	EndGlobalSection
	GlobalSection(ProjectConfigurationPlatforms) = postSolution
		{7E9C53FF-1286-4DD9-A598-244FA9BD4F2E}.Debug|Any CPU.ActiveCfg = Debug|Any CPU
		{7E9C53FF-1286-4DD9-A598-244FA9BD4F2E}.Debug|Any CPU.Build.0 = Debug|Any CPU
		{7E9C53FF-1286-4DD9-A598-244FA9BD4F2E}.Release|Any CPU.ActiveCfg = Release|Any CPU
		{7E9C53FF-1286-4DD9-A598-244FA9BD4F2E}.Release|Any CPU.Build.0 = Release|Any CPU
		{22D65830-DE20-4E63-BE8F-AADB266194DA}.Debug|Any CPU.ActiveCfg = Debug|Any CPU
		{22D65830-DE20-4E63-BE8F-AADB266194DA}.Debug|Any CPU.Build.0 = Debug|Any CPU
		{22D65830-DE20-4E63-BE8F-AADB266194DA}.Release|Any CPU.ActiveCfg = Release|Any CPU
		{22D65830-DE20-4E63-BE8F-AADB266194DA}.Release|Any CPU.Build.0 = Release|Any CPU
	EndGlobalSection
	GlobalSection(SolutionProperties) = preSolution
		HideSolutionNode = FALSE
	EndGlobalSection
	GlobalSection(ExtensibilityGlobals) = postSolution
		SolutionGuid = {2FE96CD9-BF63-456E-8CB2-BB1CF4D8F5EB}
	EndGlobalSection
EndGlobal
